PODS:
  - Alamofire (3.5.1)
  - Bolts (1.8.4):
    - Bolts/AppLinks (= 1.8.4)
    - Bolts/Tasks (= 1.8.4)
  - Bolts/AppLinks (1.8.4):
    - Bolts/Tasks
  - Bolts/Tasks (1.8.4)
  - Cosmos (1.2.3)
  - FBSDKCoreKit (4.17.0):
    - Bolts (~> 1.7)
  - FBSDKLoginKit (4.17.0):
    - FBSDKCoreKit
  - FBSDKShareKit (4.17.0):
    - FBSDKCoreKit
  - HanekeSwift (0.10.1)

DEPENDENCIES:
  - Alamofire (~> 3.5)
  - Cosmos (from `https://github.com/marketplacer/Cosmos.git`, branch `swift-2.3`)
  - FBSDKCoreKit
  - FBSDKLoginKit
  - FBSDKShareKit
  - HanekeSwift

EXTERNAL SOURCES:
  Cosmos:
    :branch: swift-2.3
    :git: https://github.com/marketplacer/Cosmos.git

CHECKOUT OPTIONS:
  Cosmos:
    :commit: 2ee4a896fcbdc915e95bcb7456f996c27492fb34
    :git: https://github.com/marketplacer/Cosmos.git

SPEC CHECKSUMS:
  Alamofire: 0dfba1184a543e2aa160f4e39cac4e8aba48d223
  Bolts: 8a7995239dbe724f9cba2248b766d48b7ebdd322
  Cosmos: efddd01b729956ad6335bc58bc92e5735a1d12a3
  FBSDKCoreKit: 30a21d2d7b92984b3d80497113433c00824c35e9
  FBSDKLoginKit: 42b7129ac0373ca99eaf4cbebf4d07bd42371f59
  FBSDKShareKit: 9b573d03fbee36cbaf42d5bb1f2bc019e0d72347
  HanekeSwift: 08e47d3d0f2899ec58e5d257beba0de619aca9e8

PODFILE CHECKSUM: 3a4689d2e51d2b0e53331764716f9cb0f78df01a

COCOAPODS: 1.1.1
